Microsoft Visual Studio Solution File, Format Version 12.00
# Visual Studio Version 17
VisualStudioVersion = 17.5.2.0
MinimumVisualStudioVersion = 10.0.40219.1
Project("{FAE04EC0-301F-11D3-BF4B-00C04F79EFBC}") = "ex-5", "ex-5.csproj", "{A5956BFE-1020-1626-E337-6A345947C721}"
EndProject
Global
	GlobalSection(SolutionConfigurationPlatforms) = preSolution
		Debug|Any CPU = Debug|Any CPU
		Release|Any CPU = Release|Any CPU
	EndGlobalSection
	GlobalSection(ProjectConfigurationPlatforms) = postSolution
		{A5956BFE-1020-1626-E337-6A345947C721}.Debug|Any CPU.ActiveCfg = Debug|Any CPU
		{A5956BFE-1020-1626-E337-6A345947C721}.Debug|Any CPU.Build.0 = Debug|Any CPU
		{A5956BFE-1020-1626-E337-6A345947C721}.Release|Any CPU.ActiveCfg = Release|Any CPU
		{A5956BFE-1020-1626-E337-6A345947C721}.Release|Any CPU.Build.0 = Release|Any CPU
	EndGlobalSection
	GlobalSection(SolutionProperties) = preSolution
		HideSolutionNode = FALSE
	EndGlobalSection
	GlobalSection(ExtensibilityGlobals) = postSolution
		SolutionGuid = {A716AD89-06DC-41C1-B042-A179D18B8AC1}
	EndGlobalSection
EndGlobal
