
Microsoft Visual Studio Solution File, Format Version 12.00
# Visual Studio Version 17
VisualStudioVersion = 17.5.2.0
MinimumVisualStudioVersion = 10.0.40219.1
Project("{FAE04EC0-301F-11D3-BF4B-00C04F79EFBC}") = "Hiển thị lời chào", "Hiển thị lời chào.csproj", "{861ECD92-45A2-28FF-A0B0-99DFDADA2897}"
EndProject
Global
	GlobalSection(SolutionConfigurationPlatforms) = preSolution
		Debug|Any CPU = Debug|Any CPU
		Release|Any CPU = Release|Any CPU
	EndGlobalSection
	GlobalSection(ProjectConfigurationPlatforms) = postSolution
		{861ECD92-45A2-28FF-A0B0-99DFDADA2897}.Debug|Any CPU.ActiveCfg = Debug|Any CPU
		{861ECD92-45A2-28FF-A0B0-99DFDADA2897}.Debug|Any CPU.Build.0 = Debug|Any CPU
		{861ECD92-45A2-28FF-A0B0-99DFDADA2897}.Release|Any CPU.ActiveCfg = Release|Any CPU
		{861ECD92-45A2-28FF-A0B0-99DFDADA2897}.Release|Any CPU.Build.0 = Release|Any CPU
	EndGlobalSection
	GlobalSection(SolutionProperties) = preSolution
		HideSolutionNode = FALSE
	EndGlobalSection
	GlobalSection(ExtensibilityGlobals) = postSolution
		SolutionGuid = {0E0F26C4-F6C1-4749-855F-EA955AC6C84A}
	EndGlobalSection
EndGlobal
