Microsoft Visual Studio Solution File, Format Version 12.00
# Visual Studio Version 17
VisualStudioVersion = 17.5.2.0
MinimumVisualStudioVersion = 10.0.40219.1
Project("{FAE04EC0-301F-11D3-BF4B-00C04F79EFBC}") = "caro", "caro.csproj", "{35423B2E-D69F-8138-7B30-E816DCB2945E}"
EndProject
Global
	GlobalSection(SolutionConfigurationPlatforms) = preSolution
		Debug|Any CPU = Debug|Any CPU
		Release|Any CPU = Release|Any CPU
	EndGlobalSection
	GlobalSection(ProjectConfigurationPlatforms) = postSolution
		{35423B2E-D69F-8138-7B30-E816DCB2945E}.Debug|Any CPU.ActiveCfg = Debug|Any CPU
		{35423B2E-D69F-8138-7B30-E816DCB2945E}.Debug|Any CPU.Build.0 = Debug|Any CPU
		{35423B2E-D69F-8138-7B30-E816DCB2945E}.Release|Any CPU.ActiveCfg = Release|Any CPU
		{35423B2E-D69F-8138-7B30-E816DCB2945E}.Release|Any CPU.Build.0 = Release|Any CPU
	EndGlobalSection
	GlobalSection(SolutionProperties) = preSolution
		HideSolutionNode = FALSE
	EndGlobalSection
	GlobalSection(ExtensibilityGlobals) = postSolution
		SolutionGuid = {8379E3AA-2349-48A3-92BA-02C17A5E121F}
	EndGlobalSection
EndGlobal
