Microsoft Visual Studio Solution File, Format Version 12.00
# Visual Studio Version 17
VisualStudioVersion = 17.5.2.0
MinimumVisualStudioVersion = 10.0.40219.1
Project("{FAE04EC0-301F-11D3-BF4B-00C04F79EFBC}") = "TT3", "TT3.csproj", "{40DC0EEB-7699-5A60-1D12-CFF9D1B5858F}"
EndProject
Global
	GlobalSection(SolutionConfigurationPlatforms) = preSolution
		Debug|Any CPU = Debug|Any CPU
		Release|Any CPU = Release|Any CPU
	EndGlobalSection
	GlobalSection(ProjectConfigurationPlatforms) = postSolution
		{40DC0EEB-7699-5A60-1D12-CFF9D1B5858F}.Debug|Any CPU.ActiveCfg = Debug|Any CPU
		{40DC0EEB-7699-5A60-1D12-CFF9D1B5858F}.Debug|Any CPU.Build.0 = Debug|Any CPU
		{40DC0EEB-7699-5A60-1D12-CFF9D1B5858F}.Release|Any CPU.ActiveCfg = Release|Any CPU
		{40DC0EEB-7699-5A60-1D12-CFF9D1B5858F}.Release|Any CPU.Build.0 = Release|Any CPU
	EndGlobalSection
	GlobalSection(SolutionProperties) = preSolution
		HideSolutionNode = FALSE
	EndGlobalSection
	GlobalSection(ExtensibilityGlobals) = postSolution
		SolutionGuid = {A5F78764-DD58-4624-9AFC-2863901EC4B3}
	EndGlobalSection
EndGlobal
