
Microsoft Visual Studio Solution File, Format Version 12.00
# Visual Studio Version 17
VisualStudioVersion = 17.5.2.0
MinimumVisualStudioVersion = 10.0.40219.1
Project("{FAE04EC0-301F-11D3-BF4B-00C04F79EFBC}") = "Hiển thị thời gian của hệ thống", "Hiển thị thời gian của hệ thống.csproj", "{6C22FE45-4AFF-486A-1AC9-DBE677DAF305}"
EndProject
Global
	GlobalSection(SolutionConfigurationPlatforms) = preSolution
		Debug|Any CPU = Debug|Any CPU
		Release|Any CPU = Release|Any CPU
	EndGlobalSection
	GlobalSection(ProjectConfigurationPlatforms) = postSolution
		{6C22FE45-4AFF-486A-1AC9-DBE677DAF305}.Debug|Any CPU.ActiveCfg = Debug|Any CPU
		{6C22FE45-4AFF-486A-1AC9-DBE677DAF305}.Debug|Any CPU.Build.0 = Debug|Any CPU
		{6C22FE45-4AFF-486A-1AC9-DBE677DAF305}.Release|Any CPU.ActiveCfg = Release|Any CPU
		{6C22FE45-4AFF-486A-1AC9-DBE677DAF305}.Release|Any CPU.Build.0 = Release|Any CPU
	EndGlobalSection
	GlobalSection(SolutionProperties) = preSolution
		HideSolutionNode = FALSE
	EndGlobalSection
	GlobalSection(ExtensibilityGlobals) = postSolution
		SolutionGuid = {C81BFA5F-8687-438A-ADF0-F4E7044B5B65}
	EndGlobalSection
EndGlobal
