Microsoft Visual Studio Solution File, Format Version 12.00
# Visual Studio Version 17
VisualStudioVersion = 17.5.2.0
MinimumVisualStudioVersion = 10.0.40219.1
Project("{FAE04EC0-301F-11D3-BF4B-00C04F79EFBC}") = "gameCaro", "gameCaro.csproj", "{1F275685-5B3C-445D-BA52-26AE95D827F0}"
EndProject
Global
	GlobalSection(SolutionConfigurationPlatforms) = preSolution
		Debug|Any CPU = Debug|Any CPU
		Release|Any CPU = Release|Any CPU
	EndGlobalSection
	GlobalSection(ProjectConfigurationPlatforms) = postSolution
		{1F275685-5B3C-445D-BA52-26AE95D827F0}.Debug|Any CPU.ActiveCfg = Debug|Any CPU
		{1F275685-5B3C-445D-BA52-26AE95D827F0}.Debug|Any CPU.Build.0 = Debug|Any CPU
		{1F275685-5B3C-445D-BA52-26AE95D827F0}.Release|Any CPU.ActiveCfg = Release|Any CPU
		{1F275685-5B3C-445D-BA52-26AE95D827F0}.Release|Any CPU.Build.0 = Release|Any CPU
	EndGlobalSection
	GlobalSection(SolutionProperties) = preSolution
		HideSolutionNode = FALSE
	EndGlobalSection
	GlobalSection(ExtensibilityGlobals) = postSolution
		SolutionGuid = {1C31425D-2470-4622-ADE7-057383EE5428}
	EndGlobalSection
EndGlobal
